// !$*UTF8*$!
{
	archiveVersion = 1;
	classes = {
	};
	objectVersion = 55;
	objects = {

/* Begin PBXBuildFile section */
		38C47C8629104D3500A05314 /* AppDelegate.swift in Sources */ = {isa = PBXBuildFile; fileRef = 38C47C8529104D3500A05314 /* AppDelegate.swift */; };
		38C47C8829104D3500A05314 /* SceneDelegate.swift in Sources */ = {isa = PBXBuildFile; fileRef = 38C47C8729104D3500A05314 /* SceneDelegate.swift */; };
		38C47C8A29104D3500A05314 /* iniciarSesionViewController.swift in Sources */ = {isa = PBXBuildFile; fileRef = 38C47C8929104D3500A05314 /* iniciarSesionViewController.swift */; };
		38C47C8D29104D3500A05314 /* Main.storyboard in Resources */ = {isa = PBXBuildFile; fileRef = 38C47C8B29104D3500A05314 /* Main.storyboard */; };
		38C47C8F29104D3900A05314 /* Assets.xcassets in Resources */ = {isa = PBXBuildFile; fileRef = 38C47C8E29104D3900A05314 /* Assets.xcassets */; };
		38C47C9229104D3900A05314 /* LaunchScreen.storyboard in Resources */ = {isa = PBXBuildFile; fileRef = 38C47C9029104D3900A05314 /* LaunchScreen.storyboard */; };
		38C47C9C2910521700A05314 /* GoogleService-Info.plist in Resources */ = {isa = PBXBuildFile; fileRef = 38C47C9B2910521600A05314 /* GoogleService-Info.plist */; };
		38C47C9E291066A100A05314 /* yanfei.jpg in Resources */ = {isa = PBXBuildFile; fileRef = 38C47C9D291066A100A05314 /* yanfei.jpg */; };
		6339539993BC00F6FD8EBE28 /* Pods_NovaSnapchat.framework in Frameworks */ = {isa = PBXBuildFile; fileRef = B76A28C04D24065138A5D7FC /* Pods_NovaSnapchat.framework */; };
/* End PBXBuildFile section */

/* Begin PBXFileReference section */
		38C47C8229104D3500A05314 /* NovaSnapchat.app */ = {isa = PBXFileReference; explicitFileType = wrapper.application; includeInIndex = 0; path = NovaSnapchat.app; sourceTree = BUILT_PRODUCTS_DIR; };
		38C47C8529104D3500A05314 /* AppDelegate.swift */ = {isa = PBXFileReference; lastKnownFileType = sourcecode.swift; path = AppDelegate.swift; sourceTree = "<group>"; };
		38C47C8729104D3500A05314 /* SceneDelegate.swift */ = {isa = PBXFileReference; lastKnownFileType = sourcecode.swift; path = SceneDelegate.swift; sourceTree = "<group>"; };
		38C47C8929104D3500A05314 /* iniciarSesionViewController.swift */ = {isa = PBXFileReference; lastKnownFileType = sourcecode.swift; path = iniciarSesionViewController.swift; sourceTree = "<group>"; };
		38C47C8C29104D3500A05314 /* Base */ = {isa = PBXFileReference; lastKnownFileType = file.storyboard; name = Base; path = Base.lproj/Main.storyboard; sourceTree = "<group>"; };
		38C47C8E29104D3900A05314 /* Assets.xcassets */ = {isa = PBXFileReference; lastKnownFileType = folder.assetcatalog; path = Assets.xcassets; sourceTree = "<group>"; };
		38C47C9129104D3900A05314 /* Base */ = {isa = PBXFileReference; lastKnownFileType = file.storyboard; name = Base; path = Base.lproj/LaunchScreen.storyboard; sourceTree = "<group>"; };
		38C47C9329104D3900A05314 /* Info.plist */ = {isa = PBXFileReference; lastKnownFileType = text.plist.xml; path = Info.plist; sourceTree = "<group>"; };
		38C47C9B2910521600A05314 /* GoogleService-Info.plist */ = {isa = PBXFileReference; fileEncoding = 4; lastKnownFileType = text.plist.xml; name = "GoogleService-Info.plist"; path = "../../../../../../Downloads/GoogleService-Info.plist"; sourceTree = "<group>"; };
		38C47C9D291066A100A05314 /* yanfei.jpg */ = {isa = PBXFileReference; lastKnownFileType = image.jpeg; path = yanfei.jpg; sourceTree = "<group>"; };
		A3FFA0BAD23E84D0E1A8422A /* Pods-NovaSnapchat.debug.xcconfig */ = {isa = PBXFileReference; includeInIndex = 1; lastKnownFileType = text.xcconfig; name = "Pods-NovaSnapchat.debug.xcconfig"; path = "Target Support Files/Pods-NovaSnapchat/Pods-NovaSnapchat.debug.xcconfig"; sourceTree = "<group>"; };
		B76A28C04D24065138A5D7FC /* Pods_NovaSnapchat.framework */ = {isa = PBXFileReference; explicitFileType = wrapper.framework; includeInIndex = 0; path = Pods_NovaSnapchat.framework; sourceTree = BUILT_PRODUCTS_DIR; };
		F1666A8FCD186ADBD773045F /* Pods-NovaSnapchat.release.xcconfig */ = {isa = PBXFileReference; includeInIndex = 1; lastKnownFileType = text.xcconfig; name = "Pods-NovaSnapchat.release.xcconfig"; path = "Target Support Files/Pods-NovaSnapchat/Pods-NovaSnapchat.release.xcconfig"; sourceTree = "<group>"; };
/* End PBXFileReference section */

/* Begin PBXFrameworksBuildPhase section */
		38C47C7F29104D3500A05314 /* Frameworks */ = {
			isa = PBXFrameworksBuildPhase;
			buildActionMask = 2147483647;
			files = (
				6339539993BC00F6FD8EBE28 /* Pods_NovaSnapchat.framework in Frameworks */,
			);
			runOnlyForDeploymentPostprocessing = 0;
		};
/* End PBXFrameworksBuildPhase section */

/* Begin PBXGroup section */
		38C47C7929104D3500A05314 = {
			isa = PBXGroup;
			children = (
				38C47C8429104D3500A05314 /* NovaSnapchat */,
				38C47C8329104D3500A05314 /* Products */,
				959C294CC0099B56349BACFD /* Pods */,
				E596103FE0B6A583EEC79D81 /* Frameworks */,
			);
			sourceTree = "<group>";
		};
		38C47C8329104D3500A05314 /* Products */ = {
			isa = PBXGroup;
			children = (
				38C47C8229104D3500A05314 /* NovaSnapchat.app */,
			);
			name = Products;
			sourceTree = "<group>";
		};
		38C47C8429104D3500A05314 /* NovaSnapchat */ = {
			isa = PBXGroup;
			children = (
				38C47C8529104D3500A05314 /* AppDelegate.swift */,
				38C47C8729104D3500A05314 /* SceneDelegate.swift */,
				38C47C8929104D3500A05314 /* iniciarSesionViewController.swift */,
				38C47C8B29104D3500A05314 /* Main.storyboard */,
				38C47C8E29104D3900A05314 /* Assets.xcassets */,
				38C47C9D291066A100A05314 /* yanfei.jpg */,
				38C47C9029104D3900A05314 /* LaunchScreen.storyboard */,
				38C47C9329104D3900A05314 /* Info.plist */,
				38C47C9B2910521600A05314 /* GoogleService-Info.plist */,
			);
			path = NovaSnapchat;
			sourceTree = "<group>";
		};
		959C294CC0099B56349BACFD /* Pods */ = {
			isa = PBXGroup;
			children = (
				A3FFA0BAD23E84D0E1A8422A /* Pods-NovaSnapchat.debug.xcconfig */,
				F1666A8FCD186ADBD773045F /* Pods-NovaSnapchat.release.xcconfig */,
			);
			path = Pods;
			sourceTree = "<group>";
		};
		E596103FE0B6A583EEC79D81 /* Frameworks */ = {
			isa = PBXGroup;
			children = (
				B76A28C04D24065138A5D7FC /* Pods_NovaSnapchat.framework */,
			);
			name = Frameworks;
			sourceTree = "<group>";
		};
/* End PBXGroup section */

/* Begin PBXNativeTarget section */
		38C47C8129104D3500A05314 /* NovaSnapchat */ = {
			isa = PBXNativeTarget;
			buildConfigurationList = 38C47C9629104D3900A05314 /* Build configuration list for PBXNativeTarget "NovaSnapchat" */;
			buildPhases = (
				247AFC5E988481ACD08A68B1 /* [CP] Check Pods Manifest.lock */,
				38C47C7E29104D3500A05314 /* Sources */,
				38C47C7F29104D3500A05314 /* Frameworks */,
				38C47C8029104D3500A05314 /* Resources */,
				42F7C8982A9E2F4A3A7E6BB7 /* [CP] Embed Pods Frameworks */,
			);
			buildRules = (
			);
			dependencies = (
			);
			name = NovaSnapchat;
			productName = NovaSnapchat;
			productReference = 38C47C8229104D3500A05314 /* NovaSnapchat.app */;
			productType = "com.apple.product-type.application";
		};
/* End PBXNativeTarget section */

/* Begin PBXProject section */
		38C47C7A29104D3500A05314 /* Project object */ = {
			isa = PBXProject;
			attributes = {
				BuildIndependentTargetsInParallel = 1;
				LastSwiftUpdateCheck = 1330;
				LastUpgradeCheck = 1330;
				TargetAttributes = {
					38C47C8129104D3500A05314 = {
						CreatedOnToolsVersion = 13.3;
					};
				};
			};
			buildConfigurationList = 38C47C7D29104D3500A05314 /* Build configuration list for PBXProject "NovaSnapchat" */;
			compatibilityVersion = "Xcode 13.0";
			developmentRegion = en;
			hasScannedForEncodings = 0;
			knownRegions = (
				en,
				Base,
			);
			mainGroup = 38C47C7929104D3500A05314;
			productRefGroup = 38C47C8329104D3500A05314 /* Products */;
			projectDirPath = "";
			projectRoot = "";
			targets = (
				38C47C8129104D3500A05314 /* NovaSnapchat */,
			);
		};
/* End PBXProject section */

/* Begin PBXResourcesBuildPhase section */
		38C47C8029104D3500A05314 /* Resources */ = {
			isa = PBXResourcesBuildPhase;
			buildActionMask = 2147483647;
			files = (
				38C47C9229104D3900A05314 /* LaunchScreen.storyboard in Resources */,
				38C47C8F29104D3900A05314 /* Assets.xcassets in Resources */,
				38C47C9E291066A100A05314 /* yanfei.jpg in Resources */,
				38C47C8D29104D3500A05314 /* Main.storyboard in Resources */,
				38C47C9C2910521700A05314 /* GoogleService-Info.plist in Resources */,
			);
			runOnlyForDeploymentPostprocessing = 0;
		};
/* End PBXResourcesBuildPhase section */

/* Begin PBXShellScriptBuildPhase section */
		247AFC5E988481ACD08A68B1 /* [CP] Check Pods Manifest.lock */ = {
			isa = PBXShellScriptBuildPhase;
			buildActionMask = 2147483647;
			files = (
			);
			inputFileListPaths = (
			);
			inputPaths = (
				"${PODS_PODFILE_DIR_PATH}/Podfile.lock",
				"${PODS_ROOT}/Manifest.lock",
			);
			name = "[CP] Check Pods Manifest.lock";
			outputFileListPaths = (
			);
			outputPaths = (
				"$(DERIVED_FILE_DIR)/Pods-NovaSnapchat-checkManifestLockResult.txt",
			);
			runOnlyForDeploymentPostprocessing = 0;
			shellPath = /bin/sh;
			shellScript = "diff \"${PODS_PODFILE_DIR_PATH}/Podfile.lock\" \"${PODS_ROOT}/Manifest.lock\" > /dev/null\nif [ $? != 0 ] ; then\n    # print error to STDERR\n    echo \"error: The sandbox is not in sync with the Podfile.lock. Run 'pod install' or update your CocoaPods installation.\" >&2\n    exit 1\nfi\n# This output is used by Xcode 'outputs' to avoid re-running this script phase.\necho \"SUCCESS\" > \"${SCRIPT_OUTPUT_FILE_0}\"\n";
			showEnvVarsInLog = 0;
		};
		42F7C8982A9E2F4A3A7E6BB7 /* [CP] Embed Pods Frameworks */ = {
			isa = PBXShellScriptBuildPhase;
			buildActionMask = 2147483647;
			files = (
			);
			inputFileListPaths = (
				"${PODS_ROOT}/Target Support Files/Pods-NovaSnapchat/Pods-NovaSnapchat-frameworks-${CONFIGURATION}-input-files.xcfilelist",
			);
			name = "[CP] Embed Pods Frameworks";
			outputFileListPaths = (
				"${PODS_ROOT}/Target Support Files/Pods-NovaSnapchat/Pods-NovaSnapchat-frameworks-${CONFIGURATION}-output-files.xcfilelist",
			);
			runOnlyForDeploymentPostprocessing = 0;
			shellPath = /bin/sh;
			shellScript = "\"${PODS_ROOT}/Target Support Files/Pods-NovaSnapchat/Pods-NovaSnapchat-frameworks.sh\"\n";
			showEnvVarsInLog = 0;
		};
/* End PBXShellScriptBuildPhase section */

/* Begin PBXSourcesBuildPhase section */
		38C47C7E29104D3500A05314 /* Sources */ = {
			isa = PBXSourcesBuildPhase;
			buildActionMask = 2147483647;
			files = (
				38C47C8A29104D3500A05314 /* iniciarSesionViewController.swift in Sources */,
				38C47C8629104D3500A05314 /* AppDelegate.swift in Sources */,
				38C47C8829104D3500A05314 /* SceneDelegate.swift in Sources */,
			);
			runOnlyForDeploymentPostprocessing = 0;
		};
/* End PBXSourcesBuildPhase section */

/* Begin PBXVariantGroup section */
		38C47C8B29104D3500A05314 /* Main.storyboard */ = {
			isa = PBXVariantGroup;
			children = (
				38C47C8C29104D3500A05314 /* Base */,
			);
			name = Main.storyboard;
			sourceTree = "<group>";
		};
		38C47C9029104D3900A05314 /* LaunchScreen.storyboard */ = {
			isa = PBXVariantGroup;
			children = (
				38C47C9129104D3900A05314 /* Base */,
			);
			name = LaunchScreen.storyboard;
			sourceTree = "<group>";
		};
/* End PBXVariantGroup section */

/* Begin XCBuildConfiguration section */
		38C47C9429104D3900A05314 /* Debug */ = {
			isa = XCBuildConfiguration;
			buildSettings = {
				ALWAYS_SEARCH_USER_PATHS = NO;
				CLANG_ANALYZER_NONNULL = YES;
				CLANG_ANALYZER_NUMBER_OBJECT_CONVERSION = YES_AGGRESSIVE;
				CLANG_CXX_LANGUAGE_STANDARD = "gnu++17";
				CLANG_ENABLE_MODULES = YES;
				CLANG_ENABLE_OBJC_ARC = YES;
				CLANG_ENABLE_OBJC_WEAK = YES;
				CLANG_WARN_BLOCK_CAPTURE_AUTORELEASING = YES;
				CLANG_WARN_BOOL_CONVERSION = YES;
				CLANG_WARN_COMMA = YES;
				CLANG_WARN_CONSTANT_CONVERSION = YES;
				CLANG_WARN_DEPRECATED_OBJC_IMPLEMENTATIONS = YES;
				CLANG_WARN_DIRECT_OBJC_ISA_USAGE = YES_ERROR;
				CLANG_WARN_DOCUMENTATION_COMMENTS = YES;
				CLANG_WARN_EMPTY_BODY = YES;
				CLANG_WARN_ENUM_CONVERSION = YES;
				CLANG_WARN_INFINITE_RECURSION = YES;
				CLANG_WARN_INT_CONVERSION = YES;
				CLANG_WARN_NON_LITERAL_NULL_CONVERSION = YES;
				CLANG_WARN_OBJC_IMPLICIT_RETAIN_SELF = YES;
				CLANG_WARN_OBJC_LITERAL_CONVERSION = YES;
				CLANG_WARN_OBJC_ROOT_CLASS = YES_ERROR;
				CLANG_WARN_QUOTED_INCLUDE_IN_FRAMEWORK_HEADER = YES;
				CLANG_WARN_RANGE_LOOP_ANALYSIS = YES;
				CLANG_WARN_STRICT_PROTOTYPES = YES;
				CLANG_WARN_SUSPICIOUS_MOVE = YES;
				CLANG_WARN_UNGUARDED_AVAILABILITY = YES_AGGRESSIVE;
				CLANG_WARN_UNREACHABLE_CODE = YES;
				CLANG_WARN__DUPLICATE_METHOD_MATCH = YES;
				COPY_PHASE_STRIP = NO;
				DEBUG_INFORMATION_FORMAT = dwarf;
				ENABLE_STRICT_OBJC_MSGSEND = YES;
				ENABLE_TESTABILITY = YES;
				GCC_C_LANGUAGE_STANDARD = gnu11;
				GCC_DYNAMIC_NO_PIC = NO;
				GCC_NO_COMMON_BLOCKS = YES;
				GCC_OPTIMIZATION_LEVEL = 0;
				GCC_PREPROCESSOR_DEFINITIONS = (
					"DEBUG=1",
					"$(inherited)",
				);
				GCC_WARN_64_TO_32_BIT_CONVERSION = YES;
				GCC_WARN_ABOUT_RETURN_TYPE = YES_ERROR;
				GCC_WARN_UNDECLARED_SELECTOR = YES;
				GCC_WARN_UNINITIALIZED_AUTOS = YES_AGGRESSIVE;
				GCC_WARN_UNUSED_FUNCTION = YES;
				GCC_WARN_UNUSED_VARIABLE = YES;
				IPHONEOS_DEPLOYMENT_TARGET = 15.4;
				MTL_ENABLE_DEBUG_INFO = INCLUDE_SOURCE;
				MTL_FAST_MATH = YES;
				ONLY_ACTIVE_ARCH = YES;
				SDKROOT = iphoneos;
				SWIFT_ACTIVE_COMPILATION_CONDITIONS = DEBUG;
				SWIFT_OPTIMIZATION_LEVEL = "-Onone";
			};
			name = Debug;
		};
		38C47C9529104D3900A05314 /* Release */ = {
			isa = XCBuildConfiguration;
			buildSettings = {
				ALWAYS_SEARCH_USER_PATHS = NO;
				CLANG_ANALYZER_NONNULL = YES;
				CLANG_ANALYZER_NUMBER_OBJECT_CONVERSION = YES_AGGRESSIVE;
				CLANG_CXX_LANGUAGE_STANDARD = "gnu++17";
				CLANG_ENABLE_MODULES = YES;
				CLANG_ENABLE_OBJC_ARC = YES;
				CLANG_ENABLE_OBJC_WEAK = YES;
				CLANG_WARN_BLOCK_CAPTURE_AUTORELEASING = YES;
				CLANG_WARN_BOOL_CONVERSION = YES;
				CLANG_WARN_COMMA = YES;
				CLANG_WARN_CONSTANT_CONVERSION = YES;
				CLANG_WARN_DEPRECATED_OBJC_IMPLEMENTATIONS = YES;
				CLANG_WARN_DIRECT_OBJC_ISA_USAGE = YES_ERROR;
				CLANG_WARN_DOCUMENTATION_COMMENTS = YES;
				CLANG_WARN_EMPTY_BODY = YES;
				CLANG_WARN_ENUM_CONVERSION = YES;
				CLANG_WARN_INFINITE_RECURSION = YES;
				CLANG_WARN_INT_CONVERSION = YES;
				CLANG_WARN_NON_LITERAL_NULL_CONVERSION = YES;
				CLANG_WARN_OBJC_IMPLICIT_RETAIN_SELF = YES;
				CLANG_WARN_OBJC_LITERAL_CONVERSION = YES;
				CLANG_WARN_OBJC_ROOT_CLASS = YES_ERROR;
				CLANG_WARN_QUOTED_INCLUDE_IN_FRAMEWORK_HEADER = YES;
				CLANG_WARN_RANGE_LOOP_ANALYSIS = YES;
				CLANG_WARN_STRICT_PROTOTYPES = YES;
				CLANG_WARN_SUSPICIOUS_MOVE = YES;
				CLANG_WARN_UNGUARDED_AVAILABILITY = YES_AGGRESSIVE;
				CLANG_WARN_UNREACHABLE_CODE = YES;
				CLANG_WARN__DUPLICATE_METHOD_MATCH = YES;
				COPY_PHASE_STRIP = NO;
				DEBUG_INFORMATION_FORMAT = "dwarf-with-dsym";
				ENABLE_NS_ASSERTIONS = NO;
				ENABLE_STRICT_OBJC_MSGSEND = YES;
				GCC_C_LANGUAGE_STANDARD = gnu11;
				GCC_NO_COMMON_BLOCKS = YES;
				GCC_WARN_64_TO_32_BIT_CONVERSION = YES;
				GCC_WARN_ABOUT_RETURN_TYPE = YES_ERROR;
				GCC_WARN_UNDECLARED_SELECTOR = YES;
				GCC_WARN_UNINITIALIZED_AUTOS = YES_AGGRESSIVE;
				GCC_WARN_UNUSED_FUNCTION = YES;
				GCC_WARN_UNUSED_VARIABLE = YES;
				IPHONEOS_DEPLOYMENT_TARGET = 15.4;
				MTL_ENABLE_DEBUG_INFO = NO;
				MTL_FAST_MATH = YES;
				SDKROOT = iphoneos;
				SWIFT_COMPILATION_MODE = wholemodule;
				SWIFT_OPTIMIZATION_LEVEL = "-O";
				VALIDATE_PRODUCT = YES;
			};
			name = Release;
		};
		38C47C9729104D3900A05314 /* Debug */ = {
			isa = XCBuildConfiguration;
			baseConfigurationReference = A3FFA0BAD23E84D0E1A8422A /* Pods-NovaSnapchat.debug.xcconfig */;
			buildSettings = {
				ASSETCATALOG_COMPILER_APPICON_NAME = AppIcon;
				ASSETCATALOG_COMPILER_GLOBAL_ACCENT_COLOR_NAME = AccentColor;
				CODE_SIGN_STYLE = Automatic;
				CURRENT_PROJECT_VERSION = 1;
				GENERATE_INFOPLIST_FILE = YES;
				INFOPLIST_FILE = NovaSnapchat/Info.plist;
				INFOPLIST_KEY_UIApplicationSupportsIndirectInputEvents = YES;
				INFOPLIST_KEY_UILaunchStoryboardName = LaunchScreen;
				INFOPLIST_KEY_UIMainStoryboardFile = Main;
				INFOPLIST_KEY_UISupportedInterfaceOrientations_iPad = "UIInterfaceOrientationPortrait UIInterfaceOrientationPortraitUpsideDown UIInterfaceOrientationLandscapeLeft UIInterfaceOrientationLandscapeRight";
				INFOPLIST_KEY_UISupportedInterfaceOrientations_iPhone = "UIInterfaceOrientationPortrait UIInterfaceOrientationLandscapeLeft UIInterfaceOrientationLandscapeRight";
				LD_RUNPATH_SEARCH_PATHS = (
					"$(inherited)",
					"@executable_path/Frameworks",
				);
				MARKETING_VERSION = 1.0;
				PRODUCT_BUNDLE_IDENTIFIER = deah.NovaSnapchat;
				PRODUCT_NAME = "$(TARGET_NAME)";
				SWIFT_EMIT_LOC_STRINGS = YES;
				SWIFT_VERSION = 5.0;
				TARGETED_DEVICE_FAMILY = "1,2";
			};
			name = Debug;
		};
		38C47C9829104D3900A05314 /* Release */ = {
			isa = XCBuildConfiguration;
			baseConfigurationReference = F1666A8FCD186ADBD773045F /* Pods-NovaSnapchat.release.xcconfig */;
			buildSettings = {
				ASSETCATALOG_COMPILER_APPICON_NAME = AppIcon;
				ASSETCATALOG_COMPILER_GLOBAL_ACCENT_COLOR_NAME = AccentColor;
				CODE_SIGN_STYLE = Automatic;
				CURRENT_PROJECT_VERSION = 1;
				GENERATE_INFOPLIST_FILE = YES;
				INFOPLIST_FILE = NovaSnapchat/Info.plist;
				INFOPLIST_KEY_UIApplicationSupportsIndirectInputEvents = YES;
				INFOPLIST_KEY_UILaunchStoryboardName = LaunchScreen;
				INFOPLIST_KEY_UIMainStoryboardFile = Main;
				INFOPLIST_KEY_UISupportedInterfaceOrientations_iPad = "UIInterfaceOrientationPortrait UIInterfaceOrientationPortraitUpsideDown UIInterfaceOrientationLandscapeLeft UIInterfaceOrientationLandscapeRight";
				INFOPLIST_KEY_UISupportedInterfaceOrientations_iPhone = "UIInterfaceOrientationPortrait UIInterfaceOrientationLandscapeLeft UIInterfaceOrientationLandscapeRight";
				LD_RUNPATH_SEARCH_PATHS = (
					"$(inherited)",
					"@executable_path/Frameworks",
				);
				MARKETING_VERSION = 1.0;
				PRODUCT_BUNDLE_IDENTIFIER = deah.NovaSnapchat;
				PRODUCT_NAME = "$(TARGET_NAME)";
				SWIFT_EMIT_LOC_STRINGS = YES;
				SWIFT_VERSION = 5.0;
				TARGETED_DEVICE_FAMILY = "1,2";
			};
			name = Release;
		};
/* End XCBuildConfiguration section */

/* Begin XCConfigurationList section */
		38C47C7D29104D3500A05314 /* Build configuration list for PBXProject "NovaSnapchat" */ = {
			isa = XCConfigurationList;
			buildConfigurations = (
				38C47C9429104D3900A05314 /* Debug */,
				38C47C9529104D3900A05314 /* Release */,
			);
			defaultConfigurationIsVisible = 0;
			defaultConfigurationName = Release;
		};
		38C47C9629104D3900A05314 /* Build configuration list for PBXNativeTarget "NovaSnapchat" */ = {
			isa = XCConfigurationList;
			buildConfigurations = (
				38C47C9729104D3900A05314 /* Debug */,
				38C47C9829104D3900A05314 /* Release */,
			);
			defaultConfigurationIsVisible = 0;
			defaultConfigurationName = Release;
		};
/* End XCConfigurationList section */
	};
	rootObject = 38C47C7A29104D3500A05314 /* Project object */;
}
